
Microsoft Visual Studio Solution File, Format Version 12.00
# Visual Studio 14
VisualStudioVersion = 14.0.23107.0
MinimumVisualStudioVersion = 10.0.40219.1
Project("{D2ABAB84-BF74-430A-B69E-9DC6D40DDA17}") = "MealDemand_SSAS", "MealDemand_SSAS\MealDemand_SSAS.dwproj", "{422B2E52-8173-45C8-A7FB-20566CB3B0DC}"
EndProject
Global
	GlobalSection(SolutionConfigurationPlatforms) = preSolution
		Development|Default = Development|Default
	EndGlobalSection
	GlobalSection(ProjectConfigurationPlatforms) = postSolution
		{422B2E52-8173-45C8-A7FB-20566CB3B0DC}.Development|Default.ActiveCfg = Development
		{422B2E52-8173-45C8-A7FB-20566CB3B0DC}.Development|Default.Build.0 = Development
		{422B2E52-8173-45C8-A7FB-20566CB3B0DC}.Development|Default.Deploy.0 = Development
	EndGlobalSection
	GlobalSection(SolutionProperties) = preSolution
		HideSolutionNode = FALSE
	EndGlobalSection
EndGlobal
