
Microsoft Visual Studio Solution File, Format Version 12.00
# Visual Studio 14
VisualStudioVersion = 14.0.23107.0
MinimumVisualStudioVersion = 10.0.40219.1
Project("{159641D6-6404-4A2A-AE62-294DE0FE8301}") = "SSIS_IT19021430", "SSIS_IT19021430\SSIS_IT19021430.dtproj", "{0A85290C-D3BC-49D4-BD9E-C9409E66C608}"
EndProject
Global
	GlobalSection(SolutionConfigurationPlatforms) = preSolution
		Development|Default = Development|Default
	EndGlobalSection
	GlobalSection(ProjectConfigurationPlatforms) = postSolution
		{0A85290C-D3BC-49D4-BD9E-C9409E66C608}.Development|Default.ActiveCfg = Development
		{0A85290C-D3BC-49D4-BD9E-C9409E66C608}.Development|Default.Build.0 = Development
	EndGlobalSection
	GlobalSection(SolutionProperties) = preSolution
		HideSolutionNode = FALSE
	EndGlobalSection
EndGlobal
